
Microsoft Visual Studio Solution File, Format Version 12.00
# Visual Studio 15
VisualStudioVersion = 15.0.27703.2042
MinimumVisualStudioVersion = 10.0.40219.1
Project("{FAE04EC0-301F-11D3-BF4B-00C04F79EFBC}") = "BoVoyageProjetFinal", "BoVoyageProjetFinal\BoVoyageProjetFinal.csproj", "{8378D70A-5746-40B3-A86B-F9E2328ABBD9}"
EndProject
Project("{FAE04EC0-301F-11D3-BF4B-00C04F79EFBC}") = "BoVoyageProjetFinal.Tests", "BoVoyageProjetFinal.Tests\BoVoyageProjetFinal.Tests.csproj", "{98BB5F2E-FA62-4962-9272-6CB17BD6B3E1}"
EndProject
Global
	GlobalSection(SolutionConfigurationPlatforms) = preSolution
		Debug|Any CPU = Debug|Any CPU
		Release|Any CPU = Release|Any CPU
	EndGlobalSection
	GlobalSection(ProjectConfigurationPlatforms) = postSolution
		{8378D70A-5746-40B3-A86B-F9E2328ABBD9}.Debug|Any CPU.ActiveCfg = Debug|Any CPU
		{8378D70A-5746-40B3-A86B-F9E2328ABBD9}.Debug|Any CPU.Build.0 = Debug|Any CPU
		{8378D70A-5746-40B3-A86B-F9E2328ABBD9}.Release|Any CPU.ActiveCfg = Release|Any CPU
		{8378D70A-5746-40B3-A86B-F9E2328ABBD9}.Release|Any CPU.Build.0 = Release|Any CPU
		{98BB5F2E-FA62-4962-9272-6CB17BD6B3E1}.Debug|Any CPU.ActiveCfg = Debug|Any CPU
		{98BB5F2E-FA62-4962-9272-6CB17BD6B3E1}.Debug|Any CPU.Build.0 = Debug|Any CPU
		{98BB5F2E-FA62-4962-9272-6CB17BD6B3E1}.Release|Any CPU.ActiveCfg = Release|Any CPU
		{98BB5F2E-FA62-4962-9272-6CB17BD6B3E1}.Release|Any CPU.Build.0 = Release|Any CPU
	EndGlobalSection
	GlobalSection(SolutionProperties) = preSolution
		HideSolutionNode = FALSE
	EndGlobalSection
	GlobalSection(ExtensibilityGlobals) = postSolution
		SolutionGuid = {8DB8AAC9-A751-4D6B-8919-B50F0ADA87C6}
	EndGlobalSection
EndGlobal
